                        # THIS IS AN AUTOGENERATED FILE. DO NOT EDIT THIS FILE DIRECTLY.
# yarn lockfile v1


"codes-postaux@^3.6.0":
  "integrity" "sha512-yC3ejMZo/4oLDnnCSIJxc+QBs6FNnegLKGcazecC/+yZMdtT//CuEV2yv+cb7JGdZlnLaP8v8WMF3pQ3mvgKYw=="
  "resolved" "https://registry.npmjs.org/codes-postaux/-/codes-postaux-3.6.0.tgz"
  "version" "3.6.0"
  dependencies:
    "lodash" "^4.17.21"

"lodash@^4.17.21":
  "integrity" "sha512-v2kDEe57lecTulaDIuNTPy3Ry4gLGJ6Z1O3vE1krgXZNrsQ+LFTGHVxVjcXPs17LhbZVGedAJv8XZ1tvj5FvSg=="
  "resolved" "https://registry.npmjs.org/lodash/-/lodash-4.17.21.tgz"
  "version" "4.17.21"
